
Microsoft Visual Studio Solution File, Format Version 12.00
# Visual Studio Version 17
VisualStudioVersion = 17.14.36408.4
MinimumVisualStudioVersion = 10.0.40219.1
Project("{FAE04EC0-301F-11D3-BF4B-00C04F79EFBC}") = "AcmeProject", "AcmeProject\AcmeProject.csproj", "{B4C70A72-B0D3-445E-BBE7-9B39FEE89C6D}"
EndProject
Project("{FAE04EC0-301F-11D3-BF4B-00C04F79EFBC}") = "Test", "Test\Test.csproj", "{90D15B1E-B526-4033-A00D-6B87D29BFC9D}"
EndProject
Project("{FAE04EC0-301F-11D3-BF4B-00C04F79EFBC}") = "DataClassLibary", "DataClassLibary\DataClassLibary.csproj", "{3BDDCFA3-29F2-47E6-978C-7A2DC6B1F9B6}"
EndProject
Global
	GlobalSection(SolutionConfigurationPlatforms) = preSolution
		Debug|Any CPU = Debug|Any CPU
		Release|Any CPU = Release|Any CPU
	EndGlobalSection
	GlobalSection(ProjectConfigurationPlatforms) = postSolution
		{B4C70A72-B0D3-445E-BBE7-9B39FEE89C6D}.Debug|Any CPU.ActiveCfg = Debug|Any CPU
		{B4C70A72-B0D3-445E-BBE7-9B39FEE89C6D}.Debug|Any CPU.Build.0 = Debug|Any CPU
		{B4C70A72-B0D3-445E-BBE7-9B39FEE89C6D}.Release|Any CPU.ActiveCfg = Release|Any CPU
		{B4C70A72-B0D3-445E-BBE7-9B39FEE89C6D}.Release|Any CPU.Build.0 = Release|Any CPU
		{90D15B1E-B526-4033-A00D-6B87D29BFC9D}.Debug|Any CPU.ActiveCfg = Debug|Any CPU
		{90D15B1E-B526-4033-A00D-6B87D29BFC9D}.Debug|Any CPU.Build.0 = Debug|Any CPU
		{90D15B1E-B526-4033-A00D-6B87D29BFC9D}.Release|Any CPU.ActiveCfg = Release|Any CPU
		{90D15B1E-B526-4033-A00D-6B87D29BFC9D}.Release|Any CPU.Build.0 = Release|Any CPU
		{3BDDCFA3-29F2-47E6-978C-7A2DC6B1F9B6}.Debug|Any CPU.ActiveCfg = Debug|Any CPU
		{3BDDCFA3-29F2-47E6-978C-7A2DC6B1F9B6}.Debug|Any CPU.Build.0 = Debug|Any CPU
		{3BDDCFA3-29F2-47E6-978C-7A2DC6B1F9B6}.Release|Any CPU.ActiveCfg = Release|Any CPU
		{3BDDCFA3-29F2-47E6-978C-7A2DC6B1F9B6}.Release|Any CPU.Build.0 = Release|Any CPU
	EndGlobalSection
	GlobalSection(SolutionProperties) = preSolution
		HideSolutionNode = FALSE
	EndGlobalSection
	GlobalSection(ExtensibilityGlobals) = postSolution
		SolutionGuid = {8A002740-AC79-4B19-A4A3-D7F7E64C0C0F}
	EndGlobalSection
EndGlobal
